{"version":4,"terraform_version":"1.10.6","serial":4,"lineage":"d1c9c38b-f649-578c-e17e-b7907170b05c","outputs":{},"resources":[{"mode":"managed","type":"github_repository","name":"flux_repo","provider":"provider[\"registry.opentofu.org/integrations/github\"]","instances":[{"schema_version":1,"attributes":{"allow_auto_merge":false,"allow_merge_commit":true,"allow_rebase_merge":true,"allow_squash_merge":true,"allow_update_branch":false,"archive_on_destroy":null,"archived":false,"auto_init":true,"default_branch":"main","delete_branch_on_merge":true,"description":"Flux manifests and config","etag":"W/\"22cee43ad0e8fc8b2686cbce7098b505e7ac4ea7dc0537c91b8cd69fab8e3280\"","full_name":"kors-dev/kbot-flux-infra","git_clone_url":"git://github.com/kors-dev/kbot-flux-infra.git","gitignore_template":null,"has_discussions":false,"has_downloads":false,"has_issues":false,"has_projects":false,"has_wiki":false,"homepage_url":"","html_url":"https://github.com/kors-dev/kbot-flux-infra","http_clone_url":"https://github.com/kors-dev/kbot-flux-infra.git","id":"kbot-flux-infra","ignore_vulnerability_alerts_during_read":null,"is_template":false,"license_template":null,"merge_commit_message":"PR_TITLE","merge_commit_title":"MERGE_MESSAGE","name":"kbot-flux-infra","node_id":"R_kgDOPsqrEQ","pages":[],"primary_language":"","private":false,"repo_id":1053469457,"security_and_analysis":[{"advanced_security":[],"secret_scanning":[{"status":"enabled"}],"secret_scanning_push_protection":[{"status":"enabled"}]}],"squash_merge_commit_message":"COMMIT_MESSAGES","squash_merge_commit_title":"COMMIT_OR_PR_TITLE","ssh_clone_url":"git@github.com:kors-dev/kbot-flux-infra.git","svn_url":"https://github.com/kors-dev/kbot-flux-infra","template":[],"topics":[],"visibility":"public","vulnerability_alerts":false,"web_commit_signoff_required":false},"sensitive_attributes":[],"private":"eyJzY2hlbWFfdmVyc2lvbiI6IjEifQ=="}]}],"check_results":null}
